// !$*UTF8*$!
{
	archiveVersion = 1;
	classes = {
	};
	objectVersion = 46;
	objects = {

/* Begin PBXBuildFile section */
		BC8E73B818D2EBB100472ABA /* Foundation.framework in Frameworks */ = {isa = PBXBuildFile; fileRef = BC8E73B718D2EBB100472ABA /* Foundation.framework */; };
		BC8E73BB18D2EBB100472ABA /* main.m in Sources */ = {isa = PBXBuildFile; fileRef = BC8E73BA18D2EBB100472ABA /* main.m */; };
		BC8E73BF18D2EBB100472ABA /* Aula_6___Enfermeira.1 in CopyFiles */ = {isa = PBXBuildFile; fileRef = BC8E73BE18D2EBB100472ABA /* Aula_6___Enfermeira.1 */; };
		BC8E73C718D2EC7900472ABA /* Enfermeira.m in Sources */ = {isa = PBXBuildFile; fileRef = BC8E73C618D2EC7900472ABA /* Enfermeira.m */; };
/* End PBXBuildFile section */

/* Begin PBXCopyFilesBuildPhase section */
		BC8E73B218D2EBB100472ABA /* CopyFiles */ = {
			isa = PBXCopyFilesBuildPhase;
			buildActionMask = 2147483647;
			dstPath = /usr/share/man/man1/;
			dstSubfolderSpec = 0;
			files = (
				BC8E73BF18D2EBB100472ABA /* Aula_6___Enfermeira.1 in CopyFiles */,
			);
			runOnlyForDeploymentPostprocessing = 1;
		};
/* End PBXCopyFilesBuildPhase section */

/* Begin PBXFileReference section */
		BC8E73B418D2EBB100472ABA /* Aula 6 - Enfermeira */ = {isa = PBXFileReference; explicitFileType = "compiled.mach-o.executable"; includeInIndex = 0; path = "Aula 6 - Enfermeira"; sourceTree = BUILT_PRODUCTS_DIR; };
		BC8E73B718D2EBB100472ABA /* Foundation.framework */ = {isa = PBXFileReference; lastKnownFileType = wrapper.framework; name = Foundation.framework; path = System/Library/Frameworks/Foundation.framework; sourceTree = SDKROOT; };
		BC8E73BA18D2EBB100472ABA /* main.m */ = {isa = PBXFileReference; lastKnownFileType = sourcecode.c.objc; path = main.m; sourceTree = "<group>"; };
		BC8E73BD18D2EBB100472ABA /* Aula 6 - Enfermeira-Prefix.pch */ = {isa = PBXFileReference; lastKnownFileType = sourcecode.c.h; path = "Aula 6 - Enfermeira-Prefix.pch"; sourceTree = "<group>"; };
		BC8E73BE18D2EBB100472ABA /* Aula_6___Enfermeira.1 */ = {isa = PBXFileReference; lastKnownFileType = text.man; path = "Aula_6___Enfermeira.1"; sourceTree = "<group>"; };
		BC8E73C518D2EC7900472ABA /* Enfermeira.h */ = {isa = PBXFileReference; fileEncoding = 4; lastKnownFileType = sourcecode.c.h; path = Enfermeira.h; sourceTree = "<group>"; };
		BC8E73C618D2EC7900472ABA /* Enfermeira.m */ = {isa = PBXFileReference; fileEncoding = 4; lastKnownFileType = sourcecode.c.objc; path = Enfermeira.m; sourceTree = "<group>"; };
/* End PBXFileReference section */

/* Begin PBXFrameworksBuildPhase section */
		BC8E73B118D2EBB100472ABA /* Frameworks */ = {
			isa = PBXFrameworksBuildPhase;
			buildActionMask = 2147483647;
			files = (
				BC8E73B818D2EBB100472ABA /* Foundation.framework in Frameworks */,
			);
			runOnlyForDeploymentPostprocessing = 0;
		};
/* End PBXFrameworksBuildPhase section */

/* Begin PBXGroup section */
		BC8E73AB18D2EBB100472ABA = {
			isa = PBXGroup;
			children = (
				BC8E73B918D2EBB100472ABA /* Aula 6 - Enfermeira */,
				BC8E73B618D2EBB100472ABA /* Frameworks */,
				BC8E73B518D2EBB100472ABA /* Products */,
			);
			sourceTree = "<group>";
		};
		BC8E73B518D2EBB100472ABA /* Products */ = {
			isa = PBXGroup;
			children = (
				BC8E73B418D2EBB100472ABA /* Aula 6 - Enfermeira */,
			);
			name = Products;
			sourceTree = "<group>";
		};
		BC8E73B618D2EBB100472ABA /* Frameworks */ = {
			isa = PBXGroup;
			children = (
				BC8E73B718D2EBB100472ABA /* Foundation.framework */,
			);
			name = Frameworks;
			sourceTree = "<group>";
		};
		BC8E73B918D2EBB100472ABA /* Aula 6 - Enfermeira */ = {
			isa = PBXGroup;
			children = (
				BC8E73BA18D2EBB100472ABA /* main.m */,
				BC8E73BE18D2EBB100472ABA /* Aula_6___Enfermeira.1 */,
				BC8E73BC18D2EBB100472ABA /* Supporting Files */,
				BC8E73C518D2EC7900472ABA /* Enfermeira.h */,
				BC8E73C618D2EC7900472ABA /* Enfermeira.m */,
			);
			path = "Aula 6 - Enfermeira";
			sourceTree = "<group>";
		};
		BC8E73BC18D2EBB100472ABA /* Supporting Files */ = {
			isa = PBXGroup;
			children = (
				BC8E73BD18D2EBB100472ABA /* Aula 6 - Enfermeira-Prefix.pch */,
			);
			name = "Supporting Files";
			sourceTree = "<group>";
		};
/* End PBXGroup section */

/* Begin PBXNativeTarget section */
		BC8E73B318D2EBB100472ABA /* Aula 6 - Enfermeira */ = {
			isa = PBXNativeTarget;
			buildConfigurationList = BC8E73C218D2EBB100472ABA /* Build configuration list for PBXNativeTarget "Aula 6 - Enfermeira" */;
			buildPhases = (
				BC8E73B018D2EBB100472ABA /* Sources */,
				BC8E73B118D2EBB100472ABA /* Frameworks */,
				BC8E73B218D2EBB100472ABA /* CopyFiles */,
			);
			buildRules = (
			);
			dependencies = (
			);
			name = "Aula 6 - Enfermeira";
			productName = "Aula 6 - Enfermeira";
			productReference = BC8E73B418D2EBB100472ABA /* Aula 6 - Enfermeira */;
			productType = "com.apple.product-type.tool";
		};
/* End PBXNativeTarget section */

/* Begin PBXProject section */
		BC8E73AC18D2EBB100472ABA /* Project object */ = {
			isa = PBXProject;
			attributes = {
				LastUpgradeCheck = 0500;
				ORGANIZATIONNAME = VyMajoris;
			};
			buildConfigurationList = BC8E73AF18D2EBB100472ABA /* Build configuration list for PBXProject "Aula 6 - Enfermeira" */;
			compatibilityVersion = "Xcode 3.2";
			developmentRegion = English;
			hasScannedForEncodings = 0;
			knownRegions = (
				en,
			);
			mainGroup = BC8E73AB18D2EBB100472ABA;
			productRefGroup = BC8E73B518D2EBB100472ABA /* Products */;
			projectDirPath = "";
			projectRoot = "";
			targets = (
				BC8E73B318D2EBB100472ABA /* Aula 6 - Enfermeira */,
			);
		};
/* End PBXProject section */

/* Begin PBXSourcesBuildPhase section */
		BC8E73B018D2EBB100472ABA /* Sources */ = {
			isa = PBXSourcesBuildPhase;
			buildActionMask = 2147483647;
			files = (
				BC8E73BB18D2EBB100472ABA /* main.m in Sources */,
				BC8E73C718D2EC7900472ABA /* Enfermeira.m in Sources */,
			);
			runOnlyForDeploymentPostprocessing = 0;
		};
/* End PBXSourcesBuildPhase section */

/* Begin XCBuildConfiguration section */
		BC8E73C018D2EBB100472ABA /* Debug */ = {
			isa = XCBuildConfiguration;
			buildSettings = {
				ALWAYS_SEARCH_USER_PATHS = NO;
				CLANG_CXX_LANGUAGE_STANDARD = "gnu++0x";
				CLANG_CXX_LIBRARY = "libc++";
				CLANG_ENABLE_OBJC_ARC = YES;
				CLANG_WARN_BOOL_CONVERSION = YES;
				CLANG_WARN_CONSTANT_CONVERSION = YES;
				CLANG_WARN_DIRECT_OBJC_ISA_USAGE = YES_ERROR;
				CLANG_WARN_EMPTY_BODY = YES;
				CLANG_WARN_ENUM_CONVERSION = YES;
				CLANG_WARN_INT_CONVERSION = YES;
				CLANG_WARN_OBJC_ROOT_CLASS = YES_ERROR;
				CLANG_WARN__DUPLICATE_METHOD_MATCH = YES;
				COPY_PHASE_STRIP = NO;
				GCC_C_LANGUAGE_STANDARD = gnu99;
				GCC_DYNAMIC_NO_PIC = NO;
				GCC_ENABLE_OBJC_EXCEPTIONS = YES;
				GCC_OPTIMIZATION_LEVEL = 0;
				GCC_PREPROCESSOR_DEFINITIONS = (
					"DEBUG=1",
					"$(inherited)",
				);
				GCC_SYMBOLS_PRIVATE_EXTERN = NO;
				GCC_WARN_64_TO_32_BIT_CONVERSION = YES;
				GCC_WARN_ABOUT_RETURN_TYPE = YES_ERROR;
				GCC_WARN_UNDECLARED_SELECTOR = YES;
				GCC_WARN_UNINITIALIZED_AUTOS = YES;
				GCC_WARN_UNUSED_FUNCTION = YES;
				GCC_WARN_UNUSED_VARIABLE = YES;
				MACOSX_DEPLOYMENT_TARGET = 10.9;
				ONLY_ACTIVE_ARCH = YES;
				SDKROOT = macosx;
			};
			name = Debug;
		};
		BC8E73C118D2EBB100472ABA /* Release */ = {
			isa = XCBuildConfiguration;
			buildSettings = {
				ALWAYS_SEARCH_USER_PATHS = NO;
				CLANG_CXX_LANGUAGE_STANDARD = "gnu++0x";
				CLANG_CXX_LIBRARY = "libc++";
				CLANG_ENABLE_OBJC_ARC = YES;
				CLANG_WARN_BOOL_CONVERSION = YES;
				CLANG_WARN_CONSTANT_CONVERSION = YES;
				CLANG_WARN_DIRECT_OBJC_ISA_USAGE = YES_ERROR;
				CLANG_WARN_EMPTY_BODY = YES;
				CLANG_WARN_ENUM_CONVERSION = YES;
				CLANG_WARN_INT_CONVERSION = YES;
				CLANG_WARN_OBJC_ROOT_CLASS = YES_ERROR;
				CLANG_WARN__DUPLICATE_METHOD_MATCH = YES;
				COPY_PHASE_STRIP = YES;
				DEBUG_INFORMATION_FORMAT = "dwarf-with-dsym";
				ENABLE_NS_ASSERTIONS = NO;
				GCC_C_LANGUAGE_STANDARD = gnu99;
				GCC_ENABLE_OBJC_EXCEPTIONS = YES;
				GCC_WARN_64_TO_32_BIT_CONVERSION = YES;
				GCC_WARN_ABOUT_RETURN_TYPE = YES_ERROR;
				GCC_WARN_UNDECLARED_SELECTOR = YES;
				GCC_WARN_UNINITIALIZED_AUTOS = YES;
				GCC_WARN_UNUSED_FUNCTION = YES;
				GCC_WARN_UNUSED_VARIABLE = YES;
				MACOSX_DEPLOYMENT_TARGET = 10.9;
				SDKROOT = macosx;
			};
			name = Release;
		};
		BC8E73C318D2EBB100472ABA /* Debug */ = {
			isa = XCBuildConfiguration;
			buildSettings = {
				GCC_PRECOMPILE_PREFIX_HEADER = YES;
				GCC_PREFIX_HEADER = "Aula 6 - Enfermeira/Aula 6 - Enfermeira-Prefix.pch";
				PRODUCT_NAME = "$(TARGET_NAME)";
			};
			name = Debug;
		};
		BC8E73C418D2EBB100472ABA /* Release */ = {
			isa = XCBuildConfiguration;
			buildSettings = {
				GCC_PRECOMPILE_PREFIX_HEADER = YES;
				GCC_PREFIX_HEADER = "Aula 6 - Enfermeira/Aula 6 - Enfermeira-Prefix.pch";
				PRODUCT_NAME = "$(TARGET_NAME)";
			};
			name = Release;
		};
/* End XCBuildConfiguration section */

/* Begin XCConfigurationList section */
		BC8E73AF18D2EBB100472ABA /* Build configuration list for PBXProject "Aula 6 - Enfermeira" */ = {
			isa = XCConfigurationList;
			buildConfigurations = (
				BC8E73C018D2EBB100472ABA /* Debug */,
				BC8E73C118D2EBB100472ABA /* Release */,
			);
			defaultConfigurationIsVisible = 0;
			defaultConfigurationName = Release;
		};
		BC8E73C218D2EBB100472ABA /* Build configuration list for PBXNativeTarget "Aula 6 - Enfermeira" */ = {
			isa = XCConfigurationList;
			buildConfigurations = (
				BC8E73C318D2EBB100472ABA /* Debug */,
				BC8E73C418D2EBB100472ABA /* Release */,
			);
			defaultConfigurationIsVisible = 0;
		};
/* End XCConfigurationList section */
	};
	rootObject = BC8E73AC18D2EBB100472ABA /* Project object */;
}
